
Microsoft Visual Studio Solution File, Format Version 12.00
# Visual Studio 15
VisualStudioVersion = 15.0.28307.421
MinimumVisualStudioVersion = 10.0.40219.1
Project("{FAE04EC0-301F-11D3-BF4B-00C04F79EFBC}") = "VismaPoker", "VismaPoker\VismaPoker.csproj", "{BE69DD38-0E94-47BC-9271-C0305747DAFE}"
EndProject
Global
	GlobalSection(SolutionConfigurationPlatforms) = preSolution
		Debug|Any CPU = Debug|Any CPU
		Release|Any CPU = Release|Any CPU
	EndGlobalSection
	GlobalSection(ProjectConfigurationPlatforms) = postSolution
		{BE69DD38-0E94-47BC-9271-C0305747DAFE}.Debug|Any CPU.ActiveCfg = Debug|Any CPU
		{BE69DD38-0E94-47BC-9271-C0305747DAFE}.Debug|Any CPU.Build.0 = Debug|Any CPU
		{BE69DD38-0E94-47BC-9271-C0305747DAFE}.Release|Any CPU.ActiveCfg = Release|Any CPU
		{BE69DD38-0E94-47BC-9271-C0305747DAFE}.Release|Any CPU.Build.0 = Release|Any CPU
	EndGlobalSection
	GlobalSection(SolutionProperties) = preSolution
		HideSolutionNode = FALSE
	EndGlobalSection
	GlobalSection(ExtensibilityGlobals) = postSolution
		SolutionGuid = {6E19E8EF-7890-4887-970D-B57BC8F59A05}
	EndGlobalSection
EndGlobal
